
Microsoft Visual Studio Solution File, Format Version 12.00
# Visual Studio Version 16
VisualStudioVersion = 16.0.30104.148
MinimumVisualStudioVersion = 10.0.40219.1
Project("{FAE04EC0-301F-11D3-BF4B-00C04F79EFBC}") = "FabianPizzas", "FabianPizzas.csproj", "{8AE92913-D379-48DD-82AF-5ED120F1B55F}"
EndProject
Project("{FAE04EC0-301F-11D3-BF4B-00C04F79EFBC}") = "FabianPizzasTest", "FabianPizzasTest\FabianPizzasTest.csproj", "{3A9B9A4D-F11D-43D6-A7A5-5C74ADCB0203}"
EndProject
Global
	GlobalSection(SolutionConfigurationPlatforms) = preSolution
		Debug|Any CPU = Debug|Any CPU
		Release|Any CPU = Release|Any CPU
	EndGlobalSection
	GlobalSection(ProjectConfigurationPlatforms) = postSolution
		{8AE92913-D379-48DD-82AF-5ED120F1B55F}.Debug|Any CPU.ActiveCfg = Debug|Any CPU
		{8AE92913-D379-48DD-82AF-5ED120F1B55F}.Debug|Any CPU.Build.0 = Debug|Any CPU
		{8AE92913-D379-48DD-82AF-5ED120F1B55F}.Release|Any CPU.ActiveCfg = Release|Any CPU
		{8AE92913-D379-48DD-82AF-5ED120F1B55F}.Release|Any CPU.Build.0 = Release|Any CPU
		{3A9B9A4D-F11D-43D6-A7A5-5C74ADCB0203}.Debug|Any CPU.ActiveCfg = Debug|Any CPU
		{3A9B9A4D-F11D-43D6-A7A5-5C74ADCB0203}.Debug|Any CPU.Build.0 = Debug|Any CPU
		{3A9B9A4D-F11D-43D6-A7A5-5C74ADCB0203}.Release|Any CPU.ActiveCfg = Release|Any CPU
		{3A9B9A4D-F11D-43D6-A7A5-5C74ADCB0203}.Release|Any CPU.Build.0 = Release|Any CPU
	EndGlobalSection
	GlobalSection(SolutionProperties) = preSolution
		HideSolutionNode = FALSE
	EndGlobalSection
	GlobalSection(ExtensibilityGlobals) = postSolution
		SolutionGuid = {889A6014-286B-482D-9892-0CC617EA84BC}
	EndGlobalSection
EndGlobal
